
Microsoft Visual Studio Solution File, Format Version 12.00
# Visual Studio Version 16
VisualStudioVersion = 16.0.31729.503
MinimumVisualStudioVersion = 10.0.40219.1
Project("{FAE04EC0-301F-11D3-BF4B-00C04F79EFBC}") = "OBT_TestTask", "OBT_TestTask.csproj", "{9048E74C-EBF3-413F-8307-55F3E5966870}"
EndProject
Global
	GlobalSection(SolutionConfigurationPlatforms) = preSolution
		Debug|Any CPU = Debug|Any CPU
		Release|Any CPU = Release|Any CPU
	EndGlobalSection
	GlobalSection(ProjectConfigurationPlatforms) = postSolution
		{9048E74C-EBF3-413F-8307-55F3E5966870}.Debug|Any CPU.ActiveCfg = Debug|Any CPU
		{9048E74C-EBF3-413F-8307-55F3E5966870}.Debug|Any CPU.Build.0 = Debug|Any CPU
		{9048E74C-EBF3-413F-8307-55F3E5966870}.Release|Any CPU.ActiveCfg = Release|Any CPU
		{9048E74C-EBF3-413F-8307-55F3E5966870}.Release|Any CPU.Build.0 = Release|Any CPU
	EndGlobalSection
	GlobalSection(SolutionProperties) = preSolution
		HideSolutionNode = FALSE
	EndGlobalSection
	GlobalSection(ExtensibilityGlobals) = postSolution
		SolutionGuid = {B9B812F8-3F6F-41DE-B709-BAAE8FEFFE07}
	EndGlobalSection
EndGlobal
